
Microsoft Visual Studio Solution File, Format Version 12.00
# Visual Studio Version 17
VisualStudioVersion = 17.0.31903.59
MinimumVisualStudioVersion = 10.0.40219.1
Project("{FAE04EC0-301F-11D3-BF4B-00C04F79EFBC}") = "Drastic.Flare.Sample", "Drastic.Flare.Sample\Drastic.Flare.Sample.csproj", "{B8544B13-B4EE-4265-B555-C914F719C3F1}"
EndProject
Project("{FAE04EC0-301F-11D3-BF4B-00C04F79EFBC}") = "Drastic.Flare.Sample.iOS", "Drastic.Flare.Sample.iOS\Drastic.Flare.Sample.iOS.csproj", "{55736B20-4182-408E-8352-61E2AE6D7C6F}"
EndProject
Project("{FAE04EC0-301F-11D3-BF4B-00C04F79EFBC}") = "Drastic.Flare", "..\..\src\Drastic.Flare\Drastic.Flare.csproj", "{080B1A8F-7251-439B-9186-23CD721161D8}"
EndProject
Global
	GlobalSection(SolutionConfigurationPlatforms) = preSolution
		Debug|Any CPU = Debug|Any CPU
		Release|Any CPU = Release|Any CPU
	EndGlobalSection
	GlobalSection(SolutionProperties) = preSolution
		HideSolutionNode = FALSE
	EndGlobalSection
	GlobalSection(ProjectConfigurationPlatforms) = postSolution
		{B8544B13-B4EE-4265-B555-C914F719C3F1}.Debug|Any CPU.ActiveCfg = Debug|Any CPU
		{B8544B13-B4EE-4265-B555-C914F719C3F1}.Debug|Any CPU.Build.0 = Debug|Any CPU
		{B8544B13-B4EE-4265-B555-C914F719C3F1}.Release|Any CPU.ActiveCfg = Release|Any CPU
		{B8544B13-B4EE-4265-B555-C914F719C3F1}.Release|Any CPU.Build.0 = Release|Any CPU
		{55736B20-4182-408E-8352-61E2AE6D7C6F}.Debug|Any CPU.ActiveCfg = Debug|Any CPU
		{55736B20-4182-408E-8352-61E2AE6D7C6F}.Debug|Any CPU.Build.0 = Debug|Any CPU
		{55736B20-4182-408E-8352-61E2AE6D7C6F}.Release|Any CPU.ActiveCfg = Release|Any CPU
		{55736B20-4182-408E-8352-61E2AE6D7C6F}.Release|Any CPU.Build.0 = Release|Any CPU
		{080B1A8F-7251-439B-9186-23CD721161D8}.Debug|Any CPU.ActiveCfg = Debug|Any CPU
		{080B1A8F-7251-439B-9186-23CD721161D8}.Debug|Any CPU.Build.0 = Debug|Any CPU
		{080B1A8F-7251-439B-9186-23CD721161D8}.Release|Any CPU.ActiveCfg = Release|Any CPU
		{080B1A8F-7251-439B-9186-23CD721161D8}.Release|Any CPU.Build.0 = Release|Any CPU
	EndGlobalSection
EndGlobal
