
Microsoft Visual Studio Solution File, Format Version 12.00
# Visual Studio Version 17
VisualStudioVersion = 17.5.33312.197
MinimumVisualStudioVersion = 10.0.40219.1
Project("{FAE04EC0-301F-11D3-BF4B-00C04F79EFBC}") = "Drastic.Modal.Sample", "Drastic.Modal.Sample\Drastic.Modal.Sample.csproj", "{9B926815-7939-406D-9125-2F66DEB73EF9}"
EndProject
Project("{9A19103F-16F7-4668-BE54-9A1E7A4F7556}") = "Drastic.Modal", "..\..\src\Drastic.Modal\Drastic.Modal.csproj", "{2124D7D1-D957-4F67-9C42-2880706913E5}"
EndProject
Global
	GlobalSection(SolutionConfigurationPlatforms) = preSolution
		Debug|Any CPU = Debug|Any CPU
		Debug|ARM64 = Debug|ARM64
		Debug|x64 = Debug|x64
		Debug|x86 = Debug|x86
		Release|Any CPU = Release|Any CPU
		Release|ARM64 = Release|ARM64
		Release|x64 = Release|x64
		Release|x86 = Release|x86
	EndGlobalSection
	GlobalSection(ProjectConfigurationPlatforms) = postSolution
		{9B926815-7939-406D-9125-2F66DEB73EF9}.Debug|Any CPU.ActiveCfg = Debug|x64
		{9B926815-7939-406D-9125-2F66DEB73EF9}.Debug|Any CPU.Build.0 = Debug|x64
		{9B926815-7939-406D-9125-2F66DEB73EF9}.Debug|Any CPU.Deploy.0 = Debug|x64
		{9B926815-7939-406D-9125-2F66DEB73EF9}.Debug|ARM64.ActiveCfg = Debug|ARM64
		{9B926815-7939-406D-9125-2F66DEB73EF9}.Debug|ARM64.Build.0 = Debug|ARM64
		{9B926815-7939-406D-9125-2F66DEB73EF9}.Debug|ARM64.Deploy.0 = Debug|ARM64
		{9B926815-7939-406D-9125-2F66DEB73EF9}.Debug|x64.ActiveCfg = Debug|x64
		{9B926815-7939-406D-9125-2F66DEB73EF9}.Debug|x64.Build.0 = Debug|x64
		{9B926815-7939-406D-9125-2F66DEB73EF9}.Debug|x64.Deploy.0 = Debug|x64
		{9B926815-7939-406D-9125-2F66DEB73EF9}.Debug|x86.ActiveCfg = Debug|x86
		{9B926815-7939-406D-9125-2F66DEB73EF9}.Debug|x86.Build.0 = Debug|x86
		{9B926815-7939-406D-9125-2F66DEB73EF9}.Debug|x86.Deploy.0 = Debug|x86
		{9B926815-7939-406D-9125-2F66DEB73EF9}.Release|Any CPU.ActiveCfg = Release|x64
		{9B926815-7939-406D-9125-2F66DEB73EF9}.Release|Any CPU.Build.0 = Release|x64
		{9B926815-7939-406D-9125-2F66DEB73EF9}.Release|Any CPU.Deploy.0 = Release|x64
		{9B926815-7939-406D-9125-2F66DEB73EF9}.Release|ARM64.ActiveCfg = Release|ARM64
		{9B926815-7939-406D-9125-2F66DEB73EF9}.Release|ARM64.Build.0 = Release|ARM64
		{9B926815-7939-406D-9125-2F66DEB73EF9}.Release|ARM64.Deploy.0 = Release|ARM64
		{9B926815-7939-406D-9125-2F66DEB73EF9}.Release|x64.ActiveCfg = Release|x64
		{9B926815-7939-406D-9125-2F66DEB73EF9}.Release|x64.Build.0 = Release|x64
		{9B926815-7939-406D-9125-2F66DEB73EF9}.Release|x64.Deploy.0 = Release|x64
		{9B926815-7939-406D-9125-2F66DEB73EF9}.Release|x86.ActiveCfg = Release|x86
		{9B926815-7939-406D-9125-2F66DEB73EF9}.Release|x86.Build.0 = Release|x86
		{9B926815-7939-406D-9125-2F66DEB73EF9}.Release|x86.Deploy.0 = Release|x86
		{2124D7D1-D957-4F67-9C42-2880706913E5}.Debug|Any CPU.ActiveCfg = Debug|Any CPU
		{2124D7D1-D957-4F67-9C42-2880706913E5}.Debug|Any CPU.Build.0 = Debug|Any CPU
		{2124D7D1-D957-4F67-9C42-2880706913E5}.Debug|ARM64.ActiveCfg = Debug|Any CPU
		{2124D7D1-D957-4F67-9C42-2880706913E5}.Debug|ARM64.Build.0 = Debug|Any CPU
		{2124D7D1-D957-4F67-9C42-2880706913E5}.Debug|x64.ActiveCfg = Debug|Any CPU
		{2124D7D1-D957-4F67-9C42-2880706913E5}.Debug|x64.Build.0 = Debug|Any CPU
		{2124D7D1-D957-4F67-9C42-2880706913E5}.Debug|x86.ActiveCfg = Debug|Any CPU
		{2124D7D1-D957-4F67-9C42-2880706913E5}.Debug|x86.Build.0 = Debug|Any CPU
		{2124D7D1-D957-4F67-9C42-2880706913E5}.Release|Any CPU.ActiveCfg = Release|Any CPU
		{2124D7D1-D957-4F67-9C42-2880706913E5}.Release|Any CPU.Build.0 = Release|Any CPU
		{2124D7D1-D957-4F67-9C42-2880706913E5}.Release|ARM64.ActiveCfg = Release|Any CPU
		{2124D7D1-D957-4F67-9C42-2880706913E5}.Release|ARM64.Build.0 = Release|Any CPU
		{2124D7D1-D957-4F67-9C42-2880706913E5}.Release|x64.ActiveCfg = Release|Any CPU
		{2124D7D1-D957-4F67-9C42-2880706913E5}.Release|x64.Build.0 = Release|Any CPU
		{2124D7D1-D957-4F67-9C42-2880706913E5}.Release|x86.ActiveCfg = Release|Any CPU
		{2124D7D1-D957-4F67-9C42-2880706913E5}.Release|x86.Build.0 = Release|Any CPU
	EndGlobalSection
	GlobalSection(SolutionProperties) = preSolution
		HideSolutionNode = FALSE
	EndGlobalSection
	GlobalSection(ExtensibilityGlobals) = postSolution
		SolutionGuid = {2B11C771-39E7-455C-860D-852DD79733A1}
	EndGlobalSection
EndGlobal
