
Microsoft Visual Studio Solution File, Format Version 12.00
# Visual Studio Version 17
VisualStudioVersion = 17.0.31611.283
MinimumVisualStudioVersion = 10.0.40219.1
Project("{9A19103F-16F7-4668-BE54-9A1E7A4F7556}") = "Drastic.Maui.DebugRainbows.Sample", "Drastic.Maui.DebugRainbows.Sample.csproj", "{C04CE937-10A7-43E4-A965-3BD73878C472}"
EndProject
Project("{9A19103F-16F7-4668-BE54-9A1E7A4F7556}") = "Drastic.Maui.DebugRainbows", "..\..\src\Drastic.Maui.DebugRainbows\Drastic.Maui.DebugRainbows.csproj", "{530D1523-8293-4A47-B208-42D715070054}"
EndProject
Global
	GlobalSection(SolutionConfigurationPlatforms) = preSolution
		Debug|Any CPU = Debug|Any CPU
		Release|Any CPU = Release|Any CPU
	EndGlobalSection
	GlobalSection(ProjectConfigurationPlatforms) = postSolution
		{C04CE937-10A7-43E4-A965-3BD73878C472}.Debug|Any CPU.ActiveCfg = Debug|Any CPU
		{C04CE937-10A7-43E4-A965-3BD73878C472}.Debug|Any CPU.Build.0 = Debug|Any CPU
		{C04CE937-10A7-43E4-A965-3BD73878C472}.Debug|Any CPU.Deploy.0 = Debug|Any CPU
		{C04CE937-10A7-43E4-A965-3BD73878C472}.Release|Any CPU.ActiveCfg = Release|Any CPU
		{C04CE937-10A7-43E4-A965-3BD73878C472}.Release|Any CPU.Build.0 = Release|Any CPU
		{C04CE937-10A7-43E4-A965-3BD73878C472}.Release|Any CPU.Deploy.0 = Release|Any CPU
		{530D1523-8293-4A47-B208-42D715070054}.Debug|Any CPU.ActiveCfg = Debug|Any CPU
		{530D1523-8293-4A47-B208-42D715070054}.Debug|Any CPU.Build.0 = Debug|Any CPU
		{530D1523-8293-4A47-B208-42D715070054}.Release|Any CPU.ActiveCfg = Release|Any CPU
		{530D1523-8293-4A47-B208-42D715070054}.Release|Any CPU.Build.0 = Release|Any CPU
	EndGlobalSection
	GlobalSection(SolutionProperties) = preSolution
		HideSolutionNode = FALSE
	EndGlobalSection
	GlobalSection(ExtensibilityGlobals) = postSolution
		SolutionGuid = {61F7FB11-1E47-470C-91E2-47F8143E1572}
	EndGlobalSection
EndGlobal
