
Microsoft Visual Studio Solution File, Format Version 12.00
# Visual Studio Version 17
VisualStudioVersion = 17.0.31903.59
MinimumVisualStudioVersion = 10.0.40219.1
Project("{FAE04EC0-301F-11D3-BF4B-00C04F79EFBC}") = "Drastic.Tray.NoDock.Sample.Mac", "Drastic.Tray.NoDock.Sample.Mac\Drastic.Tray.NoDock.Sample.Mac.csproj", "{349339D7-4034-4308-96A3-A080092948EF}"
EndProject
Project("{FAE04EC0-301F-11D3-BF4B-00C04F79EFBC}") = "Drastic.Tray", "..\..\src\Drastic.Tray\Drastic.Tray.csproj", "{0023F1DF-7208-4CB5-8304-6B7EB72495D4}"
EndProject
Project("{FAE04EC0-301F-11D3-BF4B-00C04F79EFBC}") = "Drastic.TrayWindow", "..\..\src\Drastic.TrayWindow\Drastic.TrayWindow.csproj", "{DB5E7FC2-DC75-4429-BF1D-02BF665CE694}"
EndProject
Project("{2150E333-8FDC-42A3-9474-1A3956D46DE8}") = "Library", "Library", "{3E999AE8-4FD7-4B85-8FE2-8CE7975B4DAE}"
EndProject
Project("{FAE04EC0-301F-11D3-BF4B-00C04F79EFBC}") = "Drastic.Tray.NoDock.Sample.Catalyst", "Drastic.Tray.NoDock.Sample.Catalyst\Drastic.Tray.NoDock.Sample.Catalyst.csproj", "{3BAB856A-5CC5-4C31-94C1-091273F3BA63}"
EndProject
Global
	GlobalSection(SolutionConfigurationPlatforms) = preSolution
		Debug|Any CPU = Debug|Any CPU
		Release|Any CPU = Release|Any CPU
	EndGlobalSection
	GlobalSection(SolutionProperties) = preSolution
		HideSolutionNode = FALSE
	EndGlobalSection
	GlobalSection(ProjectConfigurationPlatforms) = postSolution
		{349339D7-4034-4308-96A3-A080092948EF}.Debug|Any CPU.ActiveCfg = Debug|Any CPU
		{349339D7-4034-4308-96A3-A080092948EF}.Debug|Any CPU.Build.0 = Debug|Any CPU
		{349339D7-4034-4308-96A3-A080092948EF}.Release|Any CPU.ActiveCfg = Release|Any CPU
		{349339D7-4034-4308-96A3-A080092948EF}.Release|Any CPU.Build.0 = Release|Any CPU
		{0023F1DF-7208-4CB5-8304-6B7EB72495D4}.Debug|Any CPU.ActiveCfg = Debug|Any CPU
		{0023F1DF-7208-4CB5-8304-6B7EB72495D4}.Debug|Any CPU.Build.0 = Debug|Any CPU
		{0023F1DF-7208-4CB5-8304-6B7EB72495D4}.Release|Any CPU.ActiveCfg = Release|Any CPU
		{0023F1DF-7208-4CB5-8304-6B7EB72495D4}.Release|Any CPU.Build.0 = Release|Any CPU
		{DB5E7FC2-DC75-4429-BF1D-02BF665CE694}.Debug|Any CPU.ActiveCfg = Debug|Any CPU
		{DB5E7FC2-DC75-4429-BF1D-02BF665CE694}.Debug|Any CPU.Build.0 = Debug|Any CPU
		{DB5E7FC2-DC75-4429-BF1D-02BF665CE694}.Release|Any CPU.ActiveCfg = Release|Any CPU
		{DB5E7FC2-DC75-4429-BF1D-02BF665CE694}.Release|Any CPU.Build.0 = Release|Any CPU
		{3BAB856A-5CC5-4C31-94C1-091273F3BA63}.Debug|Any CPU.ActiveCfg = Debug|Any CPU
		{3BAB856A-5CC5-4C31-94C1-091273F3BA63}.Debug|Any CPU.Build.0 = Debug|Any CPU
		{3BAB856A-5CC5-4C31-94C1-091273F3BA63}.Release|Any CPU.ActiveCfg = Release|Any CPU
		{3BAB856A-5CC5-4C31-94C1-091273F3BA63}.Release|Any CPU.Build.0 = Release|Any CPU
	EndGlobalSection
	GlobalSection(NestedProjects) = preSolution
		{0023F1DF-7208-4CB5-8304-6B7EB72495D4} = {3E999AE8-4FD7-4B85-8FE2-8CE7975B4DAE}
		{DB5E7FC2-DC75-4429-BF1D-02BF665CE694} = {3E999AE8-4FD7-4B85-8FE2-8CE7975B4DAE}
	EndGlobalSection
EndGlobal
