
Microsoft Visual Studio Solution File, Format Version 12.00
# Visual Studio Version 17
VisualStudioVersion = 17.5.002.0
MinimumVisualStudioVersion = 10.0.40219.1
Project("{9A19103F-16F7-4668-BE54-9A1E7A4F7556}") = "Drastic.UITools", "Drastic.UITools.csproj", "{B33D83CE-27C7-46FC-A75A-3BADE2D56CA5}"
EndProject
Global
	GlobalSection(SolutionConfigurationPlatforms) = preSolution
		Debug|Any CPU = Debug|Any CPU
		Release|Any CPU = Release|Any CPU
	EndGlobalSection
	GlobalSection(ProjectConfigurationPlatforms) = postSolution
		{B33D83CE-27C7-46FC-A75A-3BADE2D56CA5}.Debug|Any CPU.ActiveCfg = Debug|Any CPU
		{B33D83CE-27C7-46FC-A75A-3BADE2D56CA5}.Debug|Any CPU.Build.0 = Debug|Any CPU
		{B33D83CE-27C7-46FC-A75A-3BADE2D56CA5}.Release|Any CPU.ActiveCfg = Release|Any CPU
		{B33D83CE-27C7-46FC-A75A-3BADE2D56CA5}.Release|Any CPU.Build.0 = Release|Any CPU
	EndGlobalSection
	GlobalSection(SolutionProperties) = preSolution
		HideSolutionNode = FALSE
	EndGlobalSection
	GlobalSection(ExtensibilityGlobals) = postSolution
		SolutionGuid = {17EA527B-6BE9-4B85-BC55-11B813FEAE04}
	EndGlobalSection
EndGlobal
