
Microsoft Visual Studio Solution File, Format Version 12.00
# Visual Studio Version 17
VisualStudioVersion = 17.0.31903.59
MinimumVisualStudioVersion = 10.0.40219.1
Project("{9A19103F-16F7-4668-BE54-9A1E7A4F7556}") = "Drastic.Tray", "Drastic.Tray\Drastic.Tray.csproj", "{90AEAA8D-1950-4509-B9E6-8313A7F55F7B}"
EndProject
Project("{D954291E-2A0B-460D-934E-DC6B0785DB48}") = "Drastic.Interop", "Drastic.Interop\Drastic.Interop.shproj", "{55C248A2-4A67-468D-8010-E04849A081F1}"
EndProject
Project("{9A19103F-16F7-4668-BE54-9A1E7A4F7556}") = "Drastic.TrayWindow", "Drastic.TrayWindow\Drastic.TrayWindow.csproj", "{B56223DF-5D29-4499-8E83-0F13EBFBA098}"
EndProject
Project("{9A19103F-16F7-4668-BE54-9A1E7A4F7556}") = "Drastic.TrayWindow.Maui", "Drastic.TrayWindow.Maui\Drastic.TrayWindow.Maui.csproj", "{A1C79AD0-D610-43AA-BABB-FB036FD84C11}"
EndProject
Project("{9A19103F-16F7-4668-BE54-9A1E7A4F7556}") = "Drastic.DragAndDrop", "Drastic.DragAndDrop\Drastic.DragAndDrop.csproj", "{21529D1B-0798-4F89-AEEB-4757B8E764B2}"
EndProject
Project("{9A19103F-16F7-4668-BE54-9A1E7A4F7556}") = "Drastic.DragAndDrop.Maui", "Drastic.DragAndDrop.Maui\Drastic.DragAndDrop.Maui.csproj", "{6BED4AD2-D896-485D-AA20-213A05B3FF1F}"
EndProject
Project("{9A19103F-16F7-4668-BE54-9A1E7A4F7556}") = "Drastic.Overlay", "Drastic.Overlay\Drastic.Overlay.csproj", "{EE41B5B2-31CA-4052-9E4D-7A40EA3F5650}"
EndProject
Project("{2150E333-8FDC-42A3-9474-1A3956D46DE8}") = "Maui", "Maui", "{95CF7EC6-4585-45E7-A182-29C795B04850}"
EndProject
Project("{9A19103F-16F7-4668-BE54-9A1E7A4F7556}") = "Drastic.PageOverlay", "Drastic.PageOverlay\Drastic.PageOverlay.csproj", "{D2722D11-B464-4AE1-B690-C3BD2271CF2E}"
EndProject
Project("{9A19103F-16F7-4668-BE54-9A1E7A4F7556}") = "Drastic.Modal", "Drastic.Modal\Drastic.Modal.csproj", "{44009273-EFC3-47AB-85DC-BBD9BD7B532F}"
EndProject
Project("{9A19103F-16F7-4668-BE54-9A1E7A4F7556}") = "Drastic.Maui.DebugRainbows", "Drastic.Maui.DebugRainbows\Drastic.Maui.DebugRainbows.csproj", "{948EEAF3-0059-44E0-8138-8165044DC45D}"
EndProject
Project("{FAE04EC0-301F-11D3-BF4B-00C04F79EFBC}") = "Drastic.Markdown.Maui", "Drastic.Markdown.Maui\Drastic.Markdown.Maui.csproj", "{32B73E40-F0A1-4857-B97E-ABACE0176B1E}"
EndProject
Project("{FAE04EC0-301F-11D3-BF4B-00C04F79EFBC}") = "Drastic.Diagnostics", "Drastic.Diagnostics\Drastic.Diagnostics.csproj", "{C4D5AC7A-5053-44C2-AE36-6B778A78E3FC}"
EndProject
Global
	GlobalSection(SolutionConfigurationPlatforms) = preSolution
		Debug|Any CPU = Debug|Any CPU
		Release|Any CPU = Release|Any CPU
	EndGlobalSection
	GlobalSection(ProjectConfigurationPlatforms) = postSolution
		{90AEAA8D-1950-4509-B9E6-8313A7F55F7B}.Debug|Any CPU.ActiveCfg = Debug|Any CPU
		{90AEAA8D-1950-4509-B9E6-8313A7F55F7B}.Debug|Any CPU.Build.0 = Debug|Any CPU
		{90AEAA8D-1950-4509-B9E6-8313A7F55F7B}.Release|Any CPU.ActiveCfg = Release|Any CPU
		{90AEAA8D-1950-4509-B9E6-8313A7F55F7B}.Release|Any CPU.Build.0 = Release|Any CPU
		{B56223DF-5D29-4499-8E83-0F13EBFBA098}.Debug|Any CPU.ActiveCfg = Debug|Any CPU
		{B56223DF-5D29-4499-8E83-0F13EBFBA098}.Debug|Any CPU.Build.0 = Debug|Any CPU
		{B56223DF-5D29-4499-8E83-0F13EBFBA098}.Release|Any CPU.ActiveCfg = Release|Any CPU
		{B56223DF-5D29-4499-8E83-0F13EBFBA098}.Release|Any CPU.Build.0 = Release|Any CPU
		{A1C79AD0-D610-43AA-BABB-FB036FD84C11}.Debug|Any CPU.ActiveCfg = Debug|Any CPU
		{A1C79AD0-D610-43AA-BABB-FB036FD84C11}.Debug|Any CPU.Build.0 = Debug|Any CPU
		{A1C79AD0-D610-43AA-BABB-FB036FD84C11}.Release|Any CPU.ActiveCfg = Release|Any CPU
		{A1C79AD0-D610-43AA-BABB-FB036FD84C11}.Release|Any CPU.Build.0 = Release|Any CPU
		{21529D1B-0798-4F89-AEEB-4757B8E764B2}.Debug|Any CPU.ActiveCfg = Debug|Any CPU
		{21529D1B-0798-4F89-AEEB-4757B8E764B2}.Debug|Any CPU.Build.0 = Debug|Any CPU
		{21529D1B-0798-4F89-AEEB-4757B8E764B2}.Release|Any CPU.ActiveCfg = Release|Any CPU
		{21529D1B-0798-4F89-AEEB-4757B8E764B2}.Release|Any CPU.Build.0 = Release|Any CPU
		{6BED4AD2-D896-485D-AA20-213A05B3FF1F}.Debug|Any CPU.ActiveCfg = Debug|Any CPU
		{6BED4AD2-D896-485D-AA20-213A05B3FF1F}.Debug|Any CPU.Build.0 = Debug|Any CPU
		{6BED4AD2-D896-485D-AA20-213A05B3FF1F}.Release|Any CPU.ActiveCfg = Release|Any CPU
		{6BED4AD2-D896-485D-AA20-213A05B3FF1F}.Release|Any CPU.Build.0 = Release|Any CPU
		{EE41B5B2-31CA-4052-9E4D-7A40EA3F5650}.Debug|Any CPU.ActiveCfg = Debug|Any CPU
		{EE41B5B2-31CA-4052-9E4D-7A40EA3F5650}.Debug|Any CPU.Build.0 = Debug|Any CPU
		{EE41B5B2-31CA-4052-9E4D-7A40EA3F5650}.Release|Any CPU.ActiveCfg = Release|Any CPU
		{EE41B5B2-31CA-4052-9E4D-7A40EA3F5650}.Release|Any CPU.Build.0 = Release|Any CPU
		{D2722D11-B464-4AE1-B690-C3BD2271CF2E}.Debug|Any CPU.ActiveCfg = Debug|Any CPU
		{D2722D11-B464-4AE1-B690-C3BD2271CF2E}.Debug|Any CPU.Build.0 = Debug|Any CPU
		{D2722D11-B464-4AE1-B690-C3BD2271CF2E}.Release|Any CPU.ActiveCfg = Release|Any CPU
		{D2722D11-B464-4AE1-B690-C3BD2271CF2E}.Release|Any CPU.Build.0 = Release|Any CPU
		{44009273-EFC3-47AB-85DC-BBD9BD7B532F}.Debug|Any CPU.ActiveCfg = Debug|Any CPU
		{44009273-EFC3-47AB-85DC-BBD9BD7B532F}.Debug|Any CPU.Build.0 = Debug|Any CPU
		{44009273-EFC3-47AB-85DC-BBD9BD7B532F}.Release|Any CPU.ActiveCfg = Release|Any CPU
		{44009273-EFC3-47AB-85DC-BBD9BD7B532F}.Release|Any CPU.Build.0 = Release|Any CPU
		{948EEAF3-0059-44E0-8138-8165044DC45D}.Debug|Any CPU.ActiveCfg = Debug|Any CPU
		{948EEAF3-0059-44E0-8138-8165044DC45D}.Debug|Any CPU.Build.0 = Debug|Any CPU
		{948EEAF3-0059-44E0-8138-8165044DC45D}.Release|Any CPU.ActiveCfg = Release|Any CPU
		{948EEAF3-0059-44E0-8138-8165044DC45D}.Release|Any CPU.Build.0 = Release|Any CPU
		{32B73E40-F0A1-4857-B97E-ABACE0176B1E}.Debug|Any CPU.ActiveCfg = Debug|Any CPU
		{32B73E40-F0A1-4857-B97E-ABACE0176B1E}.Debug|Any CPU.Build.0 = Debug|Any CPU
		{32B73E40-F0A1-4857-B97E-ABACE0176B1E}.Release|Any CPU.ActiveCfg = Release|Any CPU
		{32B73E40-F0A1-4857-B97E-ABACE0176B1E}.Release|Any CPU.Build.0 = Release|Any CPU
		{C4D5AC7A-5053-44C2-AE36-6B778A78E3FC}.Debug|Any CPU.ActiveCfg = Debug|Any CPU
		{C4D5AC7A-5053-44C2-AE36-6B778A78E3FC}.Debug|Any CPU.Build.0 = Debug|Any CPU
		{C4D5AC7A-5053-44C2-AE36-6B778A78E3FC}.Release|Any CPU.ActiveCfg = Release|Any CPU
		{C4D5AC7A-5053-44C2-AE36-6B778A78E3FC}.Release|Any CPU.Build.0 = Release|Any CPU
	EndGlobalSection
	GlobalSection(SolutionProperties) = preSolution
		HideSolutionNode = FALSE
	EndGlobalSection
	GlobalSection(NestedProjects) = preSolution
		{A1C79AD0-D610-43AA-BABB-FB036FD84C11} = {95CF7EC6-4585-45E7-A182-29C795B04850}
		{6BED4AD2-D896-485D-AA20-213A05B3FF1F} = {95CF7EC6-4585-45E7-A182-29C795B04850}
		{EE41B5B2-31CA-4052-9E4D-7A40EA3F5650} = {95CF7EC6-4585-45E7-A182-29C795B04850}
		{D2722D11-B464-4AE1-B690-C3BD2271CF2E} = {95CF7EC6-4585-45E7-A182-29C795B04850}
		{948EEAF3-0059-44E0-8138-8165044DC45D} = {95CF7EC6-4585-45E7-A182-29C795B04850}
		{32B73E40-F0A1-4857-B97E-ABACE0176B1E} = {95CF7EC6-4585-45E7-A182-29C795B04850}
	EndGlobalSection
	GlobalSection(ExtensibilityGlobals) = postSolution
		SolutionGuid = {656571A1-8837-49D4-B961-8E2F86ECAB3F}
	EndGlobalSection
	GlobalSection(SharedMSBuildProjectFiles) = preSolution
		Drastic.Interop\Drastic.Interop.projitems*{55c248a2-4a67-468d-8010-e04849a081f1}*SharedItemsImports = 13
	EndGlobalSection
EndGlobal
